
Microsoft Visual Studio Solution File, Format Version 12.00
# Visual Studio Version 16
VisualStudioVersion = 16.0.29215.179
MinimumVisualStudioVersion = 10.0.40219.1
Project("{FAE04EC0-301F-11D3-BF4B-00C04F79EFBC}") = "FontAndColor", "FontAndColor\FontAndColor.csproj", "{F189CC70-06AB-4F14-89B5-E1EAA3E19BBA}"
EndProject
Global
	GlobalSection(SolutionConfigurationPlatforms) = preSolution
		Debug|Any CPU = Debug|Any CPU
		Release|Any CPU = Release|Any CPU
	EndGlobalSection
	GlobalSection(ProjectConfigurationPlatforms) = postSolution
		{F189CC70-06AB-4F14-89B5-E1EAA3E19BBA}.Debug|Any CPU.ActiveCfg = Debug|Any CPU
		{F189CC70-06AB-4F14-89B5-E1EAA3E19BBA}.Debug|Any CPU.Build.0 = Debug|Any CPU
		{F189CC70-06AB-4F14-89B5-E1EAA3E19BBA}.Release|Any CPU.ActiveCfg = Release|Any CPU
		{F189CC70-06AB-4F14-89B5-E1EAA3E19BBA}.Release|Any CPU.Build.0 = Release|Any CPU
	EndGlobalSection
	GlobalSection(SolutionProperties) = preSolution
		HideSolutionNode = FALSE
	EndGlobalSection
	GlobalSection(ExtensibilityGlobals) = postSolution
		SolutionGuid = {6CCCEB2E-761F-4336-89E1-6A62A72B5445}
	EndGlobalSection
EndGlobal
